
Microsoft Visual Studio Solution File, Format Version 12.00
# Visual Studio Version 16
VisualStudioVersion = 16.0.31702.278
MinimumVisualStudioVersion = 10.0.40219.1
Project("{8BC9CEB8-8B4A-11D0-8D11-00A0C91BC942}") = "LinuxProject3", "LinuxProject3\LinuxProject3.vcxproj", "{2E6867D5-4838-44CC-B93A-31C2FB94A255}"
EndProject
Global
	GlobalSection(SolutionConfigurationPlatforms) = preSolution
		Debug|VisualGDB = Debug|VisualGDB
		Release|VisualGDB = Release|VisualGDB
	EndGlobalSection
	GlobalSection(ProjectConfigurationPlatforms) = postSolution
		{2E6867D5-4838-44CC-B93A-31C2FB94A255}.Debug|VisualGDB.ActiveCfg = Debug|VisualGDB
		{2E6867D5-4838-44CC-B93A-31C2FB94A255}.Debug|VisualGDB.Build.0 = Debug|VisualGDB
		{2E6867D5-4838-44CC-B93A-31C2FB94A255}.Release|VisualGDB.ActiveCfg = Release|VisualGDB
		{2E6867D5-4838-44CC-B93A-31C2FB94A255}.Release|VisualGDB.Build.0 = Release|VisualGDB
	EndGlobalSection
	GlobalSection(SolutionProperties) = preSolution
		HideSolutionNode = FALSE
	EndGlobalSection
	GlobalSection(ExtensibilityGlobals) = postSolution
		SolutionGuid = {DB6DF3F3-E7F3-49FE-8A90-C6322A47FE97}
	EndGlobalSection
EndGlobal
